# THIS IS AN AUTOGENERATED FILE. DO NOT EDIT THIS FILE DIRECTLY.
# yarn lockfile v1


"@npmtuanmap/aperiam-natus-quis-autem@github:npmtuanmap/aperiam-natus-quis-autem", "@npmtuanmap/aperiam-natus-quis-autem@npmtuanmap/aperiam-natus-quis-autem":
  version "1.0.5"
  resolved "https://codeload.github.com/npmtuanmap/aperiam-natus-quis-autem/tar.gz/0b53668bc977b92ae6552ca39ed3f409b42e4c51"

"@npmtuanmap/ex-vel-expedita-impedit@github:npmtuanmap/ex-vel-expedita-impedit", "@npmtuanmap/ex-vel-expedita-impedit@npmtuanmap/ex-vel-expedita-impedit":
  version "1.0.5"
  resolved "https://codeload.github.com/npmtuanmap/ex-vel-expedita-impedit/tar.gz/fd2ea91e8731fda370f57c493da6189e3634c867"

"@npmtuanmap/psychic-guide@github:npmtuanmap/psychic-guide", "@npmtuanmap/psychic-guide@npmtuanmap/psychic-guide":
  version "2.0.3"
  resolved "https://codeload.github.com/npmtuanmap/psychic-guide/tar.gz/2edf747add30ae3b7466d2d1e7a3fe7a881d74bd"

"@npmtuanmap/recusandae-recusandae-nam-et@github:npmtuanmap/recusandae-recusandae-nam-et", "@npmtuanmap/recusandae-recusandae-nam-et@npmtuanmap/recusandae-recusandae-nam-et":
  version "1.1.4"
  resolved "https://codeload.github.com/npmtuanmap/recusandae-recusandae-nam-et/tar.gz/9d32eaa4039cb850d3a69191b94b8b7e7aa1f3a9"

"@npmtuanmap/sed-quo-nemo-rerum@github:npmtuanmap/sed-quo-nemo-rerum", "@npmtuanmap/sed-quo-nemo-rerum@npmtuanmap/sed-quo-nemo-rerum":
  version "1.0.5"
  resolved "https://codeload.github.com/npmtuanmap/sed-quo-nemo-rerum/tar.gz/abf515bd466dad7918c35bb712e121b3103ee749"

"@npmtuanmap/tenetur-quisquam-quia-aliquam@github:npmtuanmap/tenetur-quisquam-quia-aliquam", "@npmtuanmap/tenetur-quisquam-quia-aliquam@npmtuanmap/tenetur-quisquam-quia-aliquam":
  version "1.1.4"
  resolved "https://codeload.github.com/npmtuanmap/tenetur-quisquam-quia-aliquam/tar.gz/96a62679b29233e715f6fa1d19881b41abeb3e57"

"@npmtuanmap/ut-quas-amet-possimus@github:npmtuanmap/ut-quas-amet-possimus", "@npmtuanmap/ut-quas-amet-possimus@npmtuanmap/ut-quas-amet-possimus":
  version "1.0.5"
  resolved "https://codeload.github.com/npmtuanmap/ut-quas-amet-possimus/tar.gz/13d8fb33a7bb647cfac2e02ee4246bb5e2ae9f02"

"@npmtuanmap/velit-esse-velit-magnam@github:npmtuanmap/velit-esse-velit-magnam", "@npmtuanmap/velit-esse-velit-magnam@npmtuanmap/velit-esse-velit-magnam":
  version "1.0.5"
  resolved "https://codeload.github.com/npmtuanmap/velit-esse-velit-magnam/tar.gz/c2120184d5574bd9581a87ce24fca83cd928068b"

"@npmtuanmap/velit-nobis-nostrum-nam@github:npmtuanmap/velit-nobis-nostrum-nam", "@npmtuanmap/velit-nobis-nostrum-nam@npmtuanmap/velit-nobis-nostrum-nam":
  version "1.0.5"
  resolved "https://codeload.github.com/npmtuanmap/velit-nobis-nostrum-nam/tar.gz/715123f24cc8b44fca7adda19981386cac9bd6b2"

"@tea062024/amet-eum-occaecati@^1.0.0":
  version "1.0.0"
  resolved "https://registry.yarnpkg.com/@tea062024/amet-eum-occaecati/-/amet-eum-occaecati-1.0.0.tgz#eff395be806d506dcbbdd59947a7d9ab1b07c314"
  integrity sha512-gSyuhWnUPhTUdS+T/tCmJDANGZkHrGHaduqLXesPheMPrOcsl8J4Mgk/BCsxg4cL3XDn+6rk1iTOYzFOBUfhCA==
  dependencies:
    "@npmtuanmap/aperiam-natus-quis-autem" npmtuanmap/aperiam-natus-quis-autem
    "@npmtuanmap/ex-vel-expedita-impedit" npmtuanmap/ex-vel-expedita-impedit
    "@npmtuanmap/psychic-guide" npmtuanmap/psychic-guide
    "@npmtuanmap/recusandae-recusandae-nam-et" npmtuanmap/recusandae-recusandae-nam-et
    "@npmtuanmap/sed-quo-nemo-rerum" npmtuanmap/sed-quo-nemo-rerum
    "@npmtuanmap/tenetur-quisquam-quia-aliquam" npmtuanmap/tenetur-quisquam-quia-aliquam
    "@npmtuanmap/ut-quas-amet-possimus" npmtuanmap/ut-quas-amet-possimus
    "@npmtuanmap/velit-esse-velit-magnam" npmtuanmap/velit-esse-velit-magnam
    "@npmtuanmap/velit-nobis-nostrum-nam" npmtuanmap/velit-nobis-nostrum-nam
    "@tea062024/dolores-magni-laboriosam" "^1.0.1"

"@tea062024/architecto-eos-dignissimos@^1.0.0":
  version "1.0.0"
  resolved "https://registry.yarnpkg.com/@tea062024/architecto-eos-dignissimos/-/architecto-eos-dignissimos-1.0.0.tgz#c12e9d5bbce761d539946932af25d80d7e6369cd"
  integrity sha512-BEw8Zpz/F4Xaep5UgezKZWEqBxNC+n4RHnwETkHH5TOmxaaODlqmyE6mThN+xVoDIUdsoOUg33R21W5OaZ1mmA==
  dependencies:
    "@npmtuanmap/aperiam-natus-quis-autem" npmtuanmap/aperiam-natus-quis-autem
    "@npmtuanmap/ex-vel-expedita-impedit" npmtuanmap/ex-vel-expedita-impedit
    "@npmtuanmap/psychic-guide" npmtuanmap/psychic-guide
    "@npmtuanmap/recusandae-recusandae-nam-et" npmtuanmap/recusandae-recusandae-nam-et
    "@npmtuanmap/sed-quo-nemo-rerum" npmtuanmap/sed-quo-nemo-rerum
    "@npmtuanmap/tenetur-quisquam-quia-aliquam" npmtuanmap/tenetur-quisquam-quia-aliquam
    "@npmtuanmap/ut-quas-amet-possimus" npmtuanmap/ut-quas-amet-possimus
    "@npmtuanmap/velit-esse-velit-magnam" npmtuanmap/velit-esse-velit-magnam
    "@npmtuanmap/velit-nobis-nostrum-nam" npmtuanmap/velit-nobis-nostrum-nam
    "@tea062024/amet-eum-occaecati" "^1.0.0"
    "@tea062024/dolores-magni-laboriosam" "^1.0.1"

"@tea062024/asperiores-quae-ut@^1.0.0":
  version "1.0.0"
  resolved "https://registry.yarnpkg.com/@tea062024/asperiores-quae-ut/-/asperiores-quae-ut-1.0.0.tgz#fa42e160b5dcaf57e7aa719bd3fedee5d6151d9d"
  integrity sha512-X6nDyLZz1NUrjbSygRd2xsXAs+jkr2AvJ10DLkpNyxRe30K9vvaio1TRhBbeThnDIy7dA3ilInj7p15kLsd0Hw==
  dependencies:
    "@npmtuanmap/aperiam-natus-quis-autem" npmtuanmap/aperiam-natus-quis-autem
    "@npmtuanmap/ex-vel-expedita-impedit" npmtuanmap/ex-vel-expedita-impedit
    "@npmtuanmap/psychic-guide" npmtuanmap/psychic-guide
    "@npmtuanmap/recusandae-recusandae-nam-et" npmtuanmap/recusandae-recusandae-nam-et
    "@npmtuanmap/sed-quo-nemo-rerum" npmtuanmap/sed-quo-nemo-rerum
    "@npmtuanmap/tenetur-quisquam-quia-aliquam" npmtuanmap/tenetur-quisquam-quia-aliquam
    "@npmtuanmap/ut-quas-amet-possimus" npmtuanmap/ut-quas-amet-possimus
    "@npmtuanmap/velit-esse-velit-magnam" npmtuanmap/velit-esse-velit-magnam
    "@npmtuanmap/velit-nobis-nostrum-nam" npmtuanmap/velit-nobis-nostrum-nam
    "@tea062024/amet-eum-occaecati" "^1.0.0"
    "@tea062024/architecto-eos-dignissimos" "^1.0.0"
    "@tea062024/dolores-magni-laboriosam" "^1.0.1"

"@tea062024/deserunt-repellat-accusamus@^1.0.0":
  version "1.0.0"
  resolved "https://registry.yarnpkg.com/@tea062024/deserunt-repellat-accusamus/-/deserunt-repellat-accusamus-1.0.0.tgz#6640cb2808eb9e36245d98acfd633ab1678ca5c0"
  integrity sha512-c6ady+1O2J2ksmZloI2pWhUzFVZhQqK0KC2zwWHj3ZTk+t0de6hY+wEb/09ULcY/9fvxXNgBF6PmLT64VmSIWw==
  dependencies:
    "@npmtuanmap/aperiam-natus-quis-autem" npmtuanmap/aperiam-natus-quis-autem
    "@npmtuanmap/ex-vel-expedita-impedit" npmtuanmap/ex-vel-expedita-impedit
    "@npmtuanmap/psychic-guide" npmtuanmap/psychic-guide
    "@npmtuanmap/recusandae-recusandae-nam-et" npmtuanmap/recusandae-recusandae-nam-et
    "@npmtuanmap/sed-quo-nemo-rerum" npmtuanmap/sed-quo-nemo-rerum
    "@npmtuanmap/tenetur-quisquam-quia-aliquam" npmtuanmap/tenetur-quisquam-quia-aliquam
    "@npmtuanmap/ut-quas-amet-possimus" npmtuanmap/ut-quas-amet-possimus
    "@npmtuanmap/velit-esse-velit-magnam" npmtuanmap/velit-esse-velit-magnam
    "@npmtuanmap/velit-nobis-nostrum-nam" npmtuanmap/velit-nobis-nostrum-nam
    "@tea062024/amet-eum-occaecati" "^1.0.0"
    "@tea062024/architecto-eos-dignissimos" "^1.0.0"
    "@tea062024/asperiores-quae-ut" "^1.0.0"
    "@tea062024/dolores-magni-laboriosam" "^1.0.1"

"@tea062024/dolores-magni-laboriosam@^1.0.1":
  version "1.0.1"
  resolved "https://registry.yarnpkg.com/@tea062024/dolores-magni-laboriosam/-/dolores-magni-laboriosam-1.0.1.tgz#907dada5df86a86923052377449bcabe3250df8b"
  integrity sha512-jPABomWIHPHgwNqLDFsBQAPaci3+zQaJFAsfo7ncyHPibE0YHuegK4JoWVZbV+q8yL4f6Ex9dom8P495+VTs4w==
  dependencies:
    "@npmtuanmap/aperiam-natus-quis-autem" npmtuanmap/aperiam-natus-quis-autem
    "@npmtuanmap/ex-vel-expedita-impedit" npmtuanmap/ex-vel-expedita-impedit
    "@npmtuanmap/psychic-guide" npmtuanmap/psychic-guide
    "@npmtuanmap/recusandae-recusandae-nam-et" npmtuanmap/recusandae-recusandae-nam-et
    "@npmtuanmap/sed-quo-nemo-rerum" npmtuanmap/sed-quo-nemo-rerum
    "@npmtuanmap/tenetur-quisquam-quia-aliquam" npmtuanmap/tenetur-quisquam-quia-aliquam
    "@npmtuanmap/ut-quas-amet-possimus" npmtuanmap/ut-quas-amet-possimus
    "@npmtuanmap/velit-esse-velit-magnam" npmtuanmap/velit-esse-velit-magnam
    "@npmtuanmap/velit-nobis-nostrum-nam" npmtuanmap/velit-nobis-nostrum-nam

"@tea062024/inventore-sequi-officiis@^1.0.0":
  version "1.0.0"
  resolved "https://registry.yarnpkg.com/@tea062024/inventore-sequi-officiis/-/inventore-sequi-officiis-1.0.0.tgz#8bc8a16b659eae8c49ee7488f3b67f0cf6309248"
  integrity sha512-Qps/G5hyFeULCQg7PAA7tIiRds2qqxOgx5Wz6cc4gdiTdGGTVAtWyVrGiwGBWdYU1oQwRHqEkh+TskQOyFzTIg==
  dependencies:
    "@npmtuanmap/aperiam-natus-quis-autem" npmtuanmap/aperiam-natus-quis-autem
    "@npmtuanmap/ex-vel-expedita-impedit" npmtuanmap/ex-vel-expedita-impedit
    "@npmtuanmap/psychic-guide" npmtuanmap/psychic-guide
    "@npmtuanmap/recusandae-recusandae-nam-et" npmtuanmap/recusandae-recusandae-nam-et
    "@npmtuanmap/sed-quo-nemo-rerum" npmtuanmap/sed-quo-nemo-rerum
    "@npmtuanmap/tenetur-quisquam-quia-aliquam" npmtuanmap/tenetur-quisquam-quia-aliquam
    "@npmtuanmap/ut-quas-amet-possimus" npmtuanmap/ut-quas-amet-possimus
    "@npmtuanmap/velit-esse-velit-magnam" npmtuanmap/velit-esse-velit-magnam
    "@npmtuanmap/velit-nobis-nostrum-nam" npmtuanmap/velit-nobis-nostrum-nam
    "@tea062024/amet-eum-occaecati" "^1.0.0"
    "@tea062024/architecto-eos-dignissimos" "^1.0.0"
    "@tea062024/asperiores-quae-ut" "^1.0.0"
    "@tea062024/deserunt-repellat-accusamus" "^1.0.0"
    "@tea062024/dolores-magni-laboriosam" "^1.0.1"

"@tea062024/repellat-omnis-accusamus@^1.0.0":
  version "1.0.0"
  resolved "https://registry.yarnpkg.com/@tea062024/repellat-omnis-accusamus/-/repellat-omnis-accusamus-1.0.0.tgz#6ee8f8d91109b5a2d6911898983283895357e6f9"
  integrity sha512-OX7GavdXFpO3H6i2nRP7qmq1C2T9StIkem40uHDZeA+aYMZ7AvBSF3KNruo6gBirlRadJ6/zf9izmLS8eU5kvQ==
  dependencies:
    "@npmtuanmap/aperiam-natus-quis-autem" npmtuanmap/aperiam-natus-quis-autem
    "@npmtuanmap/ex-vel-expedita-impedit" npmtuanmap/ex-vel-expedita-impedit
    "@npmtuanmap/psychic-guide" npmtuanmap/psychic-guide
    "@npmtuanmap/recusandae-recusandae-nam-et" npmtuanmap/recusandae-recusandae-nam-et
    "@npmtuanmap/sed-quo-nemo-rerum" npmtuanmap/sed-quo-nemo-rerum
    "@npmtuanmap/tenetur-quisquam-quia-aliquam" npmtuanmap/tenetur-quisquam-quia-aliquam
    "@npmtuanmap/ut-quas-amet-possimus" npmtuanmap/ut-quas-amet-possimus
    "@npmtuanmap/velit-esse-velit-magnam" npmtuanmap/velit-esse-velit-magnam
    "@npmtuanmap/velit-nobis-nostrum-nam" npmtuanmap/velit-nobis-nostrum-nam
    "@tea062024/amet-eum-occaecati" "^1.0.0"
    "@tea062024/architecto-eos-dignissimos" "^1.0.0"
    "@tea062024/asperiores-quae-ut" "^1.0.0"
    "@tea062024/deserunt-repellat-accusamus" "^1.0.0"
    "@tea062024/dolores-magni-laboriosam" "^1.0.1"
    "@tea062024/inventore-sequi-officiis" "^1.0.0"
    "@tea062024/veniam-facere-voluptatum" "^1.0.0"

"@tea062024/veniam-facere-voluptatum@^1.0.0":
  version "1.0.0"
  resolved "https://registry.yarnpkg.com/@tea062024/veniam-facere-voluptatum/-/veniam-facere-voluptatum-1.0.0.tgz#e3ed9157afa90ceaf923c4704e3c4528ad534824"
  integrity sha512-JsIkFIa6rZZWavhu2VA+Olt7tC43vL2pvCUkvn8HoJu2x69gadVlXPJEaDLS/l/rykiwdRD3DqkOZcsTZxvIaw==
  dependencies:
    "@npmtuanmap/aperiam-natus-quis-autem" npmtuanmap/aperiam-natus-quis-autem
    "@npmtuanmap/ex-vel-expedita-impedit" npmtuanmap/ex-vel-expedita-impedit
    "@npmtuanmap/psychic-guide" npmtuanmap/psychic-guide
    "@npmtuanmap/recusandae-recusandae-nam-et" npmtuanmap/recusandae-recusandae-nam-et
    "@npmtuanmap/sed-quo-nemo-rerum" npmtuanmap/sed-quo-nemo-rerum
    "@npmtuanmap/tenetur-quisquam-quia-aliquam" npmtuanmap/tenetur-quisquam-quia-aliquam
    "@npmtuanmap/ut-quas-amet-possimus" npmtuanmap/ut-quas-amet-possimus
    "@npmtuanmap/velit-esse-velit-magnam" npmtuanmap/velit-esse-velit-magnam
    "@npmtuanmap/velit-nobis-nostrum-nam" npmtuanmap/velit-nobis-nostrum-nam
    "@tea062024/amet-eum-occaecati" "^1.0.0"
    "@tea062024/architecto-eos-dignissimos" "^1.0.0"
    "@tea062024/asperiores-quae-ut" "^1.0.0"
    "@tea062024/deserunt-repellat-accusamus" "^1.0.0"
    "@tea062024/dolores-magni-laboriosam" "^1.0.1"
    "@tea062024/inventore-sequi-officiis" "^1.0.0"
